
Microsoft Visual Studio Solution File, Format Version 12.00
# Visual Studio Version 17
VisualStudioVersion = 17.5.33530.505
MinimumVisualStudioVersion = 10.0.40219.1
Project("{8BC9CEB8-8B4A-11D0-8D11-00A0C91BC942}") = "1.2", "1.2\1.2.vcxproj", "{EF458B60-1A6A-49FC-AC84-0603E36EFB8A}"
EndProject
Project("{8BC9CEB8-8B4A-11D0-8D11-00A0C91BC942}") = "2.1", "2.1\2.1.vcxproj", "{6E3D877E-2938-4033-B169-9EE27AE41D10}"
EndProject
Project("{8BC9CEB8-8B4A-11D0-8D11-00A0C91BC942}") = "2.2", "2.2\2.2.vcxproj", "{0541AB6F-99A3-4304-A733-5A30FBB1CB09}"
EndProject
Project("{8BC9CEB8-8B4A-11D0-8D11-00A0C91BC942}") = "3.1", "3.1\3.1.vcxproj", "{0EA183BB-9752-4D21-993C-B16465303DFD}"
EndProject
Project("{8BC9CEB8-8B4A-11D0-8D11-00A0C91BC942}") = "3.2", "3.2\3.2.vcxproj", "{F558E92D-C849-46A6-9718-5DE290D431F9}"
EndProject
Project("{8BC9CEB8-8B4A-11D0-8D11-00A0C91BC942}") = "4.1", "4.1\4.1.vcxproj", "{428C76CE-FBED-4FFE-A16B-10859DE2D4A0}"
EndProject
Project("{8BC9CEB8-8B4A-11D0-8D11-00A0C91BC942}") = "4.2", "4.2\4.2.vcxproj", "{BD3ACA24-95BC-4526-9269-40CB4C1CE499}"
EndProject
Project("{8BC9CEB8-8B4A-11D0-8D11-00A0C91BC942}") = "5.1", "5.1\5.1.vcxproj", "{5ADF3F77-078E-473B-B0CB-880CD24C84D3}"
EndProject
Project("{8BC9CEB8-8B4A-11D0-8D11-00A0C91BC942}") = "5.2", "5.2\5.2.vcxproj", "{DD638378-0A74-4A51-921E-E77BCC118CEE}"
EndProject
Global
	GlobalSection(SolutionConfigurationPlatforms) = preSolution
		Debug|x64 = Debug|x64
		Debug|x86 = Debug|x86
		Release|x64 = Release|x64
		Release|x86 = Release|x86
	EndGlobalSection
	GlobalSection(ProjectConfigurationPlatforms) = postSolution
		{EF458B60-1A6A-49FC-AC84-0603E36EFB8A}.Debug|x64.ActiveCfg = Debug|x64
		{EF458B60-1A6A-49FC-AC84-0603E36EFB8A}.Debug|x64.Build.0 = Debug|x64
		{EF458B60-1A6A-49FC-AC84-0603E36EFB8A}.Debug|x86.ActiveCfg = Debug|Win32
		{EF458B60-1A6A-49FC-AC84-0603E36EFB8A}.Debug|x86.Build.0 = Debug|Win32
		{EF458B60-1A6A-49FC-AC84-0603E36EFB8A}.Release|x64.ActiveCfg = Release|x64
		{EF458B60-1A6A-49FC-AC84-0603E36EFB8A}.Release|x64.Build.0 = Release|x64
		{EF458B60-1A6A-49FC-AC84-0603E36EFB8A}.Release|x86.ActiveCfg = Release|Win32
		{EF458B60-1A6A-49FC-AC84-0603E36EFB8A}.Release|x86.Build.0 = Release|Win32
		{6E3D877E-2938-4033-B169-9EE27AE41D10}.Debug|x64.ActiveCfg = Debug|x64
		{6E3D877E-2938-4033-B169-9EE27AE41D10}.Debug|x64.Build.0 = Debug|x64
		{6E3D877E-2938-4033-B169-9EE27AE41D10}.Debug|x86.ActiveCfg = Debug|Win32
		{6E3D877E-2938-4033-B169-9EE27AE41D10}.Debug|x86.Build.0 = Debug|Win32
		{6E3D877E-2938-4033-B169-9EE27AE41D10}.Release|x64.ActiveCfg = Release|x64
		{6E3D877E-2938-4033-B169-9EE27AE41D10}.Release|x64.Build.0 = Release|x64
		{6E3D877E-2938-4033-B169-9EE27AE41D10}.Release|x86.ActiveCfg = Release|Win32
		{6E3D877E-2938-4033-B169-9EE27AE41D10}.Release|x86.Build.0 = Release|Win32
		{0541AB6F-99A3-4304-A733-5A30FBB1CB09}.Debug|x64.ActiveCfg = Debug|x64
		{0541AB6F-99A3-4304-A733-5A30FBB1CB09}.Debug|x64.Build.0 = Debug|x64
		{0541AB6F-99A3-4304-A733-5A30FBB1CB09}.Debug|x86.ActiveCfg = Debug|Win32
		{0541AB6F-99A3-4304-A733-5A30FBB1CB09}.Debug|x86.Build.0 = Debug|Win32
		{0541AB6F-99A3-4304-A733-5A30FBB1CB09}.Release|x64.ActiveCfg = Release|x64
		{0541AB6F-99A3-4304-A733-5A30FBB1CB09}.Release|x64.Build.0 = Release|x64
		{0541AB6F-99A3-4304-A733-5A30FBB1CB09}.Release|x86.ActiveCfg = Release|Win32
		{0541AB6F-99A3-4304-A733-5A30FBB1CB09}.Release|x86.Build.0 = Release|Win32
		{0EA183BB-9752-4D21-993C-B16465303DFD}.Debug|x64.ActiveCfg = Debug|x64
		{0EA183BB-9752-4D21-993C-B16465303DFD}.Debug|x64.Build.0 = Debug|x64
		{0EA183BB-9752-4D21-993C-B16465303DFD}.Debug|x86.ActiveCfg = Debug|Win32
		{0EA183BB-9752-4D21-993C-B16465303DFD}.Debug|x86.Build.0 = Debug|Win32
		{0EA183BB-9752-4D21-993C-B16465303DFD}.Release|x64.ActiveCfg = Release|x64
		{0EA183BB-9752-4D21-993C-B16465303DFD}.Release|x64.Build.0 = Release|x64
		{0EA183BB-9752-4D21-993C-B16465303DFD}.Release|x86.ActiveCfg = Release|Win32
		{0EA183BB-9752-4D21-993C-B16465303DFD}.Release|x86.Build.0 = Release|Win32
		{F558E92D-C849-46A6-9718-5DE290D431F9}.Debug|x64.ActiveCfg = Debug|x64
		{F558E92D-C849-46A6-9718-5DE290D431F9}.Debug|x64.Build.0 = Debug|x64
		{F558E92D-C849-46A6-9718-5DE290D431F9}.Debug|x86.ActiveCfg = Debug|Win32
		{F558E92D-C849-46A6-9718-5DE290D431F9}.Debug|x86.Build.0 = Debug|Win32
		{F558E92D-C849-46A6-9718-5DE290D431F9}.Release|x64.ActiveCfg = Release|x64
		{F558E92D-C849-46A6-9718-5DE290D431F9}.Release|x64.Build.0 = Release|x64
		{F558E92D-C849-46A6-9718-5DE290D431F9}.Release|x86.ActiveCfg = Release|Win32
		{F558E92D-C849-46A6-9718-5DE290D431F9}.Release|x86.Build.0 = Release|Win32
		{428C76CE-FBED-4FFE-A16B-10859DE2D4A0}.Debug|x64.ActiveCfg = Debug|x64
		{428C76CE-FBED-4FFE-A16B-10859DE2D4A0}.Debug|x64.Build.0 = Debug|x64
		{428C76CE-FBED-4FFE-A16B-10859DE2D4A0}.Debug|x86.ActiveCfg = Debug|Win32
		{428C76CE-FBED-4FFE-A16B-10859DE2D4A0}.Debug|x86.Build.0 = Debug|Win32
		{428C76CE-FBED-4FFE-A16B-10859DE2D4A0}.Release|x64.ActiveCfg = Release|x64
		{428C76CE-FBED-4FFE-A16B-10859DE2D4A0}.Release|x64.Build.0 = Release|x64
		{428C76CE-FBED-4FFE-A16B-10859DE2D4A0}.Release|x86.ActiveCfg = Release|Win32
		{428C76CE-FBED-4FFE-A16B-10859DE2D4A0}.Release|x86.Build.0 = Release|Win32
		{BD3ACA24-95BC-4526-9269-40CB4C1CE499}.Debug|x64.ActiveCfg = Debug|x64
		{BD3ACA24-95BC-4526-9269-40CB4C1CE499}.Debug|x64.Build.0 = Debug|x64
		{BD3ACA24-95BC-4526-9269-40CB4C1CE499}.Debug|x86.ActiveCfg = Debug|Win32
		{BD3ACA24-95BC-4526-9269-40CB4C1CE499}.Debug|x86.Build.0 = Debug|Win32
		{BD3ACA24-95BC-4526-9269-40CB4C1CE499}.Release|x64.ActiveCfg = Release|x64
		{BD3ACA24-95BC-4526-9269-40CB4C1CE499}.Release|x64.Build.0 = Release|x64
		{BD3ACA24-95BC-4526-9269-40CB4C1CE499}.Release|x86.ActiveCfg = Release|Win32
		{BD3ACA24-95BC-4526-9269-40CB4C1CE499}.Release|x86.Build.0 = Release|Win32
		{5ADF3F77-078E-473B-B0CB-880CD24C84D3}.Debug|x64.ActiveCfg = Debug|x64
		{5ADF3F77-078E-473B-B0CB-880CD24C84D3}.Debug|x64.Build.0 = Debug|x64
		{5ADF3F77-078E-473B-B0CB-880CD24C84D3}.Debug|x86.ActiveCfg = Debug|Win32
		{5ADF3F77-078E-473B-B0CB-880CD24C84D3}.Debug|x86.Build.0 = Debug|Win32
		{5ADF3F77-078E-473B-B0CB-880CD24C84D3}.Release|x64.ActiveCfg = Release|x64
		{5ADF3F77-078E-473B-B0CB-880CD24C84D3}.Release|x64.Build.0 = Release|x64
		{5ADF3F77-078E-473B-B0CB-880CD24C84D3}.Release|x86.ActiveCfg = Release|Win32
		{5ADF3F77-078E-473B-B0CB-880CD24C84D3}.Release|x86.Build.0 = Release|Win32
		{DD638378-0A74-4A51-921E-E77BCC118CEE}.Debug|x64.ActiveCfg = Debug|x64
		{DD638378-0A74-4A51-921E-E77BCC118CEE}.Debug|x64.Build.0 = Debug|x64
		{DD638378-0A74-4A51-921E-E77BCC118CEE}.Debug|x86.ActiveCfg = Debug|Win32
		{DD638378-0A74-4A51-921E-E77BCC118CEE}.Debug|x86.Build.0 = Debug|Win32
		{DD638378-0A74-4A51-921E-E77BCC118CEE}.Release|x64.ActiveCfg = Release|x64
		{DD638378-0A74-4A51-921E-E77BCC118CEE}.Release|x64.Build.0 = Release|x64
		{DD638378-0A74-4A51-921E-E77BCC118CEE}.Release|x86.ActiveCfg = Release|Win32
		{DD638378-0A74-4A51-921E-E77BCC118CEE}.Release|x86.Build.0 = Release|Win32
	EndGlobalSection
	GlobalSection(SolutionProperties) = preSolution
		HideSolutionNode = FALSE
	EndGlobalSection
	GlobalSection(ExtensibilityGlobals) = postSolution
		SolutionGuid = {7F3AAD66-B61F-4421-8EF5-A58BC328AD4F}
	EndGlobalSection
EndGlobal
